
Microsoft Visual Studio Solution File, Format Version 12.00
# Visual Studio Version 17
VisualStudioVersion = 17.3.32804.467
MinimumVisualStudioVersion = 10.0.40219.1
Project("{FAE04EC0-301F-11D3-BF4B-00C04F79EFBC}") = "TodoApi", "TodoApi\TodoApi.csproj", "{97E8C5B4-5FA7-4A50-9CA0-022856876A77}"
EndProject
Global
	GlobalSection(SolutionConfigurationPlatforms) = preSolution
		Debug|Any CPU = Debug|Any CPU
		Release|Any CPU = Release|Any CPU
	EndGlobalSection
	GlobalSection(ProjectConfigurationPlatforms) = postSolution
		{97E8C5B4-5FA7-4A50-9CA0-022856876A77}.Debug|Any CPU.ActiveCfg = Debug|Any CPU
		{97E8C5B4-5FA7-4A50-9CA0-022856876A77}.Debug|Any CPU.Build.0 = Debug|Any CPU
		{97E8C5B4-5FA7-4A50-9CA0-022856876A77}.Release|Any CPU.ActiveCfg = Release|Any CPU
		{97E8C5B4-5FA7-4A50-9CA0-022856876A77}.Release|Any CPU.Build.0 = Release|Any CPU
	EndGlobalSection
	GlobalSection(SolutionProperties) = preSolution
		HideSolutionNode = FALSE
	EndGlobalSection
	GlobalSection(ExtensibilityGlobals) = postSolution
		SolutionGuid = {38187F7D-D0C7-4C14-BD79-A3B856B12C10}
	EndGlobalSection
EndGlobal
